{
  "name": "filetronyx-docs",
  "version": "1.0.0",
  "lockfileVersion": 1,
  "requires": true,
  "dependencies": {
    "awesomplete": {
      "version": "1.1.5",
      "resolved": "https://registry.npmjs.org/awesomplete/-/awesomplete-1.1.5.tgz",
      "integrity": "sha512-UFw1mPW8NaSECDSTC36HbAOTpF9JK2wBUJcNn4MSvlNtK7SZ9N72gB+ajHtA6D1abYXRcszZnBA4nHBwvFwzHw=="
    },
    "uikit": {
      "version": "3.4.6",
      "resolved": "https://registry.npmjs.org/uikit/-/uikit-3.4.6.tgz",
      "integrity": "sha512-Se8DXGJ69NCxm8AQTok6I9aXxvklaBsdkr3REfbUorxeIQA6g96sPvzHCXrubqknoqEhH6npD14xtzxJGCvS8A=="
    }
  }
}
